
Microsoft Visual Studio Solution File, Format Version 12.00
Project("{FAE04EC0-301F-11D3-BF4B-00C04F79EFBC}") = "tarrifs", "tarrifs\tarrifs.csproj", "{C0E2692D-4642-46E8-9F2B-7E505969E19E}"
EndProject
Project("{FAE04EC0-301F-11D3-BF4B-00C04F79EFBC}") = "TestProject1", "TestProject1\TestProject1.csproj", "{3688FDDD-0AE7-42BA-B640-CC27BA7F28FC}"
EndProject
Global
	GlobalSection(SolutionConfigurationPlatforms) = preSolution
		Debug|Any CPU = Debug|Any CPU
		Release|Any CPU = Release|Any CPU
	EndGlobalSection
	GlobalSection(ProjectConfigurationPlatforms) = postSolution
		{C0E2692D-4642-46E8-9F2B-7E505969E19E}.Debug|Any CPU.ActiveCfg = Debug|Any CPU
		{C0E2692D-4642-46E8-9F2B-7E505969E19E}.Debug|Any CPU.Build.0 = Debug|Any CPU
		{C0E2692D-4642-46E8-9F2B-7E505969E19E}.Release|Any CPU.ActiveCfg = Release|Any CPU
		{C0E2692D-4642-46E8-9F2B-7E505969E19E}.Release|Any CPU.Build.0 = Release|Any CPU
		{3688FDDD-0AE7-42BA-B640-CC27BA7F28FC}.Debug|Any CPU.ActiveCfg = Debug|Any CPU
		{3688FDDD-0AE7-42BA-B640-CC27BA7F28FC}.Debug|Any CPU.Build.0 = Debug|Any CPU
		{3688FDDD-0AE7-42BA-B640-CC27BA7F28FC}.Release|Any CPU.ActiveCfg = Release|Any CPU
		{3688FDDD-0AE7-42BA-B640-CC27BA7F28FC}.Release|Any CPU.Build.0 = Release|Any CPU
	EndGlobalSection
EndGlobal
